
Microsoft Visual Studio Solution File, Format Version 12.00
# Visual Studio Version 16
VisualStudioVersion = 16.0.30320.27
MinimumVisualStudioVersion = 10.0.40219.1
Project("{FAE04EC0-301F-11D3-BF4B-00C04F79EFBC}") = "GmodUploadTool", "GmodUploadTool\GmodUploadTool.csproj", "{3C0EE1AF-3FB7-449F-830E-8710E43C6452}"
EndProject
Global
	GlobalSection(SolutionConfigurationPlatforms) = preSolution
		Debug|Any CPU = Debug|Any CPU
		Release|Any CPU = Release|Any CPU
	EndGlobalSection
	GlobalSection(ProjectConfigurationPlatforms) = postSolution
		{3C0EE1AF-3FB7-449F-830E-8710E43C6452}.Debug|Any CPU.ActiveCfg = Debug|Any CPU
		{3C0EE1AF-3FB7-449F-830E-8710E43C6452}.Debug|Any CPU.Build.0 = Debug|Any CPU
		{3C0EE1AF-3FB7-449F-830E-8710E43C6452}.Release|Any CPU.ActiveCfg = Release|Any CPU
		{3C0EE1AF-3FB7-449F-830E-8710E43C6452}.Release|Any CPU.Build.0 = Release|Any CPU
	EndGlobalSection
	GlobalSection(SolutionProperties) = preSolution
		HideSolutionNode = FALSE
	EndGlobalSection
	GlobalSection(ExtensibilityGlobals) = postSolution
		SolutionGuid = {7A887189-6452-43CA-B841-5D908C29FEE3}
	EndGlobalSection
EndGlobal
